// !$*UTF8*$!
{
	archiveVersion = 1;
	classes = {
	};
	objectVersion = 56;
	objects = {

/* Begin PBXBuildFile section */
		70162FBD2A88BE370038AD6E /* AppDelegate.swift in Sources */ = {isa = PBXBuildFile; fileRef = 70162FBC2A88BE370038AD6E /* AppDelegate.swift */; };
		70162FBF2A88BE370038AD6E /* ContentView.swift in Sources */ = {isa = PBXBuildFile; fileRef = 70162FBE2A88BE370038AD6E /* ContentView.swift */; };
		70162FC32A88BE380038AD6E /* Assets.xcassets in Resources */ = {isa = PBXBuildFile; fileRef = 70162FC22A88BE380038AD6E /* Assets.xcassets */; };
		70162FC62A88BE380038AD6E /* Preview Assets.xcassets in Resources */ = {isa = PBXBuildFile; fileRef = 70162FC52A88BE380038AD6E /* Preview Assets.xcassets */; };
		70162FCD2A89678F0038AD6E /* Coordinator.swift in Sources */ = {isa = PBXBuildFile; fileRef = 70162FCC2A89678F0038AD6E /* Coordinator.swift */; };
		701630102A8B65740038AD6E /* ControllerMultipeer.swift in Sources */ = {isa = PBXBuildFile; fileRef = 7016300F2A8B65740038AD6E /* ControllerMultipeer.swift */; };
		701630132A8B67BF0038AD6E /* AppMC3.swift in Sources */ = {isa = PBXBuildFile; fileRef = 701630122A8B67BF0038AD6E /* AppMC3.swift */; };
		7070ED202A964F7E00703708 /* 25.usdz in Resources */ = {isa = PBXBuildFile; fileRef = 7070ED1F2A964F7E00703708 /* 25.usdz */; };
		70FE94462A90A54B00C59AAE /* Menu.swift in Sources */ = {isa = PBXBuildFile; fileRef = 70FE94452A90A54B00C59AAE /* Menu.swift */; };
		70FE94482A90A58100C59AAE /* RoomHost.swift in Sources */ = {isa = PBXBuildFile; fileRef = 70FE94472A90A58100C59AAE /* RoomHost.swift */; };
		70FE944A2A90A59000C59AAE /* RoomJoin.swift in Sources */ = {isa = PBXBuildFile; fileRef = 70FE94492A90A59000C59AAE /* RoomJoin.swift */; };
		70FE944C2A90AAAB00C59AAE /* ChooseHost.swift in Sources */ = {isa = PBXBuildFile; fileRef = 70FE944B2A90AAAB00C59AAE /* ChooseHost.swift */; };
		70FE944E2A90AAC000C59AAE /* ChooseJoin.swift in Sources */ = {isa = PBXBuildFile; fileRef = 70FE944D2A90AAC000C59AAE /* ChooseJoin.swift */; };
		70FE94502A912F0500C59AAE /* ViewAr2.swift in Sources */ = {isa = PBXBuildFile; fileRef = 70FE944F2A912F0500C59AAE /* ViewAr2.swift */; };
		70FE94562A9226B200C59AAE /* CoordinatorJoin.swift in Sources */ = {isa = PBXBuildFile; fileRef = 70FE94552A9226B200C59AAE /* CoordinatorJoin.swift */; };
		70FE945E2A94B2BD00C59AAE /* blue_board.usdz in Resources */ = {isa = PBXBuildFile; fileRef = 70FE945D2A94B2BD00C59AAE /* blue_board.usdz */; };
		70FE950C2A95E12600C59AAE /* 11.usdz in Resources */ = {isa = PBXBuildFile; fileRef = 70FE94F32A95E12500C59AAE /* 11.usdz */; };
		70FE950D2A95E12600C59AAE /* 15.usdz in Resources */ = {isa = PBXBuildFile; fileRef = 70FE94F42A95E12500C59AAE /* 15.usdz */; };
		70FE950E2A95E12600C59AAE /* 16.usdz in Resources */ = {isa = PBXBuildFile; fileRef = 70FE94F52A95E12500C59AAE /* 16.usdz */; };
		70FE950F2A95E12600C59AAE /* 19.usdz in Resources */ = {isa = PBXBuildFile; fileRef = 70FE94F62A95E12600C59AAE /* 19.usdz */; };
		70FE95102A95E12600C59AAE /* 12.usdz in Resources */ = {isa = PBXBuildFile; fileRef = 70FE94F72A95E12600C59AAE /* 12.usdz */; };
		70FE95112A95E12600C59AAE /* 7.usdz in Resources */ = {isa = PBXBuildFile; fileRef = 70FE94F82A95E12600C59AAE /* 7.usdz */; };
		70FE95122A95E12600C59AAE /* 3.usdz in Resources */ = {isa = PBXBuildFile; fileRef = 70FE94F92A95E12600C59AAE /* 3.usdz */; };
		70FE95132A95E12600C59AAE /* 10.usdz in Resources */ = {isa = PBXBuildFile; fileRef = 70FE94FA2A95E12600C59AAE /* 10.usdz */; };
		70FE95142A95E12600C59AAE /* 6.usdz in Resources */ = {isa = PBXBuildFile; fileRef = 70FE94FB2A95E12600C59AAE /* 6.usdz */; };
		70FE95152A95E12600C59AAE /* 24.usdz in Resources */ = {isa = PBXBuildFile; fileRef = 70FE94FC2A95E12600C59AAE /* 24.usdz */; };
		70FE95162A95E12600C59AAE /* 1.usdz in Resources */ = {isa = PBXBuildFile; fileRef = 70FE94FD2A95E12600C59AAE /* 1.usdz */; };
		70FE95172A95E12600C59AAE /* 2.usdz in Resources */ = {isa = PBXBuildFile; fileRef = 70FE94FE2A95E12600C59AAE /* 2.usdz */; };
		70FE95182A95E12600C59AAE /* 14.usdz in Resources */ = {isa = PBXBuildFile; fileRef = 70FE94FF2A95E12600C59AAE /* 14.usdz */; };
		70FE95192A95E12600C59AAE /* 21.usdz in Resources */ = {isa = PBXBuildFile; fileRef = 70FE95002A95E12600C59AAE /* 21.usdz */; };
		70FE951A2A95E12600C59AAE /* 9.usdz in Resources */ = {isa = PBXBuildFile; fileRef = 70FE95012A95E12600C59AAE /* 9.usdz */; };
		70FE951B2A95E12600C59AAE /* 18.usdz in Resources */ = {isa = PBXBuildFile; fileRef = 70FE95022A95E12600C59AAE /* 18.usdz */; };
		70FE951C2A95E12600C59AAE /* 23.usdz in Resources */ = {isa = PBXBuildFile; fileRef = 70FE95032A95E12600C59AAE /* 23.usdz */; };
		70FE951D2A95E12600C59AAE /* 13.usdz in Resources */ = {isa = PBXBuildFile; fileRef = 70FE95042A95E12600C59AAE /* 13.usdz */; };
		70FE951E2A95E12600C59AAE /* 22.usdz in Resources */ = {isa = PBXBuildFile; fileRef = 70FE95052A95E12600C59AAE /* 22.usdz */; };
		70FE95202A95E12600C59AAE /* 4.usdz in Resources */ = {isa = PBXBuildFile; fileRef = 70FE95072A95E12600C59AAE /* 4.usdz */; };
		70FE95212A95E12600C59AAE /* 17.usdz in Resources */ = {isa = PBXBuildFile; fileRef = 70FE95082A95E12600C59AAE /* 17.usdz */; };
		70FE95222A95E12600C59AAE /* 5.usdz in Resources */ = {isa = PBXBuildFile; fileRef = 70FE95092A95E12600C59AAE /* 5.usdz */; };
		70FE95232A95E12600C59AAE /* 8.usdz in Resources */ = {isa = PBXBuildFile; fileRef = 70FE950A2A95E12600C59AAE /* 8.usdz */; };
		70FE95242A95E12600C59AAE /* 20.usdz in Resources */ = {isa = PBXBuildFile; fileRef = 70FE950B2A95E12600C59AAE /* 20.usdz */; };
		70FE95702A95E30100C59AAE /* p23.png in Resources */ = {isa = PBXBuildFile; fileRef = 70FE95572A95E30000C59AAE /* p23.png */; };
		70FE95712A95E30100C59AAE /* p10.png in Resources */ = {isa = PBXBuildFile; fileRef = 70FE95582A95E30000C59AAE /* p10.png */; };
		70FE95722A95E30100C59AAE /* p18.png in Resources */ = {isa = PBXBuildFile; fileRef = 70FE95592A95E30000C59AAE /* p18.png */; };
		70FE95732A95E30100C59AAE /* p19.png in Resources */ = {isa = PBXBuildFile; fileRef = 70FE955A2A95E30000C59AAE /* p19.png */; };
		70FE95742A95E30100C59AAE /* p1.png in Resources */ = {isa = PBXBuildFile; fileRef = 70FE955B2A95E30000C59AAE /* p1.png */; };
		70FE95752A95E30100C59AAE /* p5.png in Resources */ = {isa = PBXBuildFile; fileRef = 70FE955C2A95E30000C59AAE /* p5.png */; };
		70FE95762A95E30100C59AAE /* p12.png in Resources */ = {isa = PBXBuildFile; fileRef = 70FE955D2A95E30000C59AAE /* p12.png */; };
		70FE95772A95E30100C59AAE /* p20.png in Resources */ = {isa = PBXBuildFile; fileRef = 70FE955E2A95E30000C59AAE /* p20.png */; };
		70FE95782A95E30100C59AAE /* p4.png in Resources */ = {isa = PBXBuildFile; fileRef = 70FE955F2A95E30000C59AAE /* p4.png */; };
		70FE95792A95E30100C59AAE /* p17.png in Resources */ = {isa = PBXBuildFile; fileRef = 70FE95602A95E30000C59AAE /* p17.png */; };
		70FE957A2A95E30100C59AAE /* p7.png in Resources */ = {isa = PBXBuildFile; fileRef = 70FE95612A95E30000C59AAE /* p7.png */; };
		70FE957B2A95E30100C59AAE /* p21.png in Resources */ = {isa = PBXBuildFile; fileRef = 70FE95622A95E30000C59AAE /* p21.png */; };
		70FE957C2A95E30100C59AAE /* p8.png in Resources */ = {isa = PBXBuildFile; fileRef = 70FE95632A95E30000C59AAE /* p8.png */; };
		70FE957D2A95E30100C59AAE /* p11.png in Resources */ = {isa = PBXBuildFile; fileRef = 70FE95642A95E30000C59AAE /* p11.png */; };
		70FE957E2A95E30100C59AAE /* p6.png in Resources */ = {isa = PBXBuildFile; fileRef = 70FE95652A95E30000C59AAE /* p6.png */; };
		70FE957F2A95E30100C59AAE /* p15.png in Resources */ = {isa = PBXBuildFile; fileRef = 70FE95662A95E30100C59AAE /* p15.png */; };
		70FE95802A95E30100C59AAE /* p16.png in Resources */ = {isa = PBXBuildFile; fileRef = 70FE95672A95E30100C59AAE /* p16.png */; };
		70FE95812A95E30100C59AAE /* p9.png in Resources */ = {isa = PBXBuildFile; fileRef = 70FE95682A95E30100C59AAE /* p9.png */; };
		70FE95822A95E30100C59AAE /* p13.png in Resources */ = {isa = PBXBuildFile; fileRef = 70FE95692A95E30100C59AAE /* p13.png */; };
		70FE95832A95E30100C59AAE /* p3.png in Resources */ = {isa = PBXBuildFile; fileRef = 70FE956A2A95E30100C59AAE /* p3.png */; };
		70FE95842A95E30100C59AAE /* p2.png in Resources */ = {isa = PBXBuildFile; fileRef = 70FE956B2A95E30100C59AAE /* p2.png */; };
		70FE95852A95E30100C59AAE /* p24.png in Resources */ = {isa = PBXBuildFile; fileRef = 70FE956C2A95E30100C59AAE /* p24.png */; };
		70FE95862A95E30100C59AAE /* p22.png in Resources */ = {isa = PBXBuildFile; fileRef = 70FE956D2A95E30100C59AAE /* p22.png */; };
		70FE95872A95E30100C59AAE /* p14.png in Resources */ = {isa = PBXBuildFile; fileRef = 70FE956E2A95E30100C59AAE /* p14.png */; };
		70FE95882A95E30100C59AAE /* p25.png in Resources */ = {isa = PBXBuildFile; fileRef = 70FE956F2A95E30100C59AAE /* p25.png */; };
		8252E59F2A961052000B531C /* Card.mp3 in Resources */ = {isa = PBXBuildFile; fileRef = 8252E59E2A961052000B531C /* Card.mp3 */; };
		8252E5A12A96110A000B531C /* red_board.usdz in Resources */ = {isa = PBXBuildFile; fileRef = 8252E5A02A96110A000B531C /* red_board.usdz */; };
/* End PBXBuildFile section */

/* Begin PBXFileReference section */
		70162FB92A88BE370038AD6E /* BelajarArKit.app */ = {isa = PBXFileReference; explicitFileType = wrapper.application; includeInIndex = 0; path = BelajarArKit.app; sourceTree = BUILT_PRODUCTS_DIR; };
		70162FBC2A88BE370038AD6E /* AppDelegate.swift */ = {isa = PBXFileReference; lastKnownFileType = sourcecode.swift; path = AppDelegate.swift; sourceTree = "<group>"; };
		70162FBE2A88BE370038AD6E /* ContentView.swift */ = {isa = PBXFileReference; lastKnownFileType = sourcecode.swift; path = ContentView.swift; sourceTree = "<group>"; };
		70162FC22A88BE380038AD6E /* Assets.xcassets */ = {isa = PBXFileReference; lastKnownFileType = folder.assetcatalog; path = Assets.xcassets; sourceTree = "<group>"; };
		70162FC52A88BE380038AD6E /* Preview Assets.xcassets */ = {isa = PBXFileReference; lastKnownFileType = folder.assetcatalog; path = "Preview Assets.xcassets"; sourceTree = "<group>"; };
		70162FCC2A89678F0038AD6E /* Coordinator.swift */ = {isa = PBXFileReference; lastKnownFileType = sourcecode.swift; path = Coordinator.swift; sourceTree = "<group>"; };
		7016300F2A8B65740038AD6E /* ControllerMultipeer.swift */ = {isa = PBXFileReference; lastKnownFileType = sourcecode.swift; path = ControllerMultipeer.swift; sourceTree = "<group>"; };
		701630112A8B658B0038AD6E /* Info.plist */ = {isa = PBXFileReference; lastKnownFileType = text.plist; path = Info.plist; sourceTree = "<group>"; };
		701630122A8B67BF0038AD6E /* AppMC3.swift */ = {isa = PBXFileReference; lastKnownFileType = sourcecode.swift; path = AppMC3.swift; sourceTree = "<group>"; };
		7070ED1F2A964F7E00703708 /* 25.usdz */ = {isa = PBXFileReference; lastKnownFileType = file.usdz; path = 25.usdz; sourceTree = "<group>"; };
		70FE94452A90A54B00C59AAE /* Menu.swift */ = {isa = PBXFileReference; lastKnownFileType = sourcecode.swift; path = Menu.swift; sourceTree = "<group>"; };
		70FE94472A90A58100C59AAE /* RoomHost.swift */ = {isa = PBXFileReference; lastKnownFileType = sourcecode.swift; path = RoomHost.swift; sourceTree = "<group>"; };
		70FE94492A90A59000C59AAE /* RoomJoin.swift */ = {isa = PBXFileReference; lastKnownFileType = sourcecode.swift; path = RoomJoin.swift; sourceTree = "<group>"; };
		70FE944B2A90AAAB00C59AAE /* ChooseHost.swift */ = {isa = PBXFileReference; lastKnownFileType = sourcecode.swift; path = ChooseHost.swift; sourceTree = "<group>"; };
		70FE944D2A90AAC000C59AAE /* ChooseJoin.swift */ = {isa = PBXFileReference; lastKnownFileType = sourcecode.swift; path = ChooseJoin.swift; sourceTree = "<group>"; };
		70FE944F2A912F0500C59AAE /* ViewAr2.swift */ = {isa = PBXFileReference; lastKnownFileType = sourcecode.swift; path = ViewAr2.swift; sourceTree = "<group>"; };
		70FE94552A9226B200C59AAE /* CoordinatorJoin.swift */ = {isa = PBXFileReference; lastKnownFileType = sourcecode.swift; path = CoordinatorJoin.swift; sourceTree = "<group>"; };
		70FE945D2A94B2BD00C59AAE /* blue_board.usdz */ = {isa = PBXFileReference; lastKnownFileType = file.usdz; path = blue_board.usdz; sourceTree = "<group>"; };
		70FE94F32A95E12500C59AAE /* 11.usdz */ = {isa = PBXFileReference; lastKnownFileType = file.usdz; path = 11.usdz; sourceTree = "<group>"; };
		70FE94F42A95E12500C59AAE /* 15.usdz */ = {isa = PBXFileReference; lastKnownFileType = file.usdz; path = 15.usdz; sourceTree = "<group>"; };
		70FE94F52A95E12500C59AAE /* 16.usdz */ = {isa = PBXFileReference; lastKnownFileType = file.usdz; path = 16.usdz; sourceTree = "<group>"; };
		70FE94F62A95E12600C59AAE /* 19.usdz */ = {isa = PBXFileReference; lastKnownFileType = file.usdz; path = 19.usdz; sourceTree = "<group>"; };
		70FE94F72A95E12600C59AAE /* 12.usdz */ = {isa = PBXFileReference; lastKnownFileType = file.usdz; path = 12.usdz; sourceTree = "<group>"; };
		70FE94F82A95E12600C59AAE /* 7.usdz */ = {isa = PBXFileReference; lastKnownFileType = file.usdz; path = 7.usdz; sourceTree = "<group>"; };
		70FE94F92A95E12600C59AAE /* 3.usdz */ = {isa = PBXFileReference; lastKnownFileType = file.usdz; path = 3.usdz; sourceTree = "<group>"; };
		70FE94FA2A95E12600C59AAE /* 10.usdz */ = {isa = PBXFileReference; lastKnownFileType = file.usdz; path = 10.usdz; sourceTree = "<group>"; };
		70FE94FB2A95E12600C59AAE /* 6.usdz */ = {isa = PBXFileReference; lastKnownFileType = file.usdz; path = 6.usdz; sourceTree = "<group>"; };
		70FE94FC2A95E12600C59AAE /* 24.usdz */ = {isa = PBXFileReference; lastKnownFileType = file.usdz; path = 24.usdz; sourceTree = "<group>"; };
		70FE94FD2A95E12600C59AAE /* 1.usdz */ = {isa = PBXFileReference; lastKnownFileType = file.usdz; path = 1.usdz; sourceTree = "<group>"; };
		70FE94FE2A95E12600C59AAE /* 2.usdz */ = {isa = PBXFileReference; lastKnownFileType = file.usdz; path = 2.usdz; sourceTree = "<group>"; };
		70FE94FF2A95E12600C59AAE /* 14.usdz */ = {isa = PBXFileReference; lastKnownFileType = file.usdz; path = 14.usdz; sourceTree = "<group>"; };
		70FE95002A95E12600C59AAE /* 21.usdz */ = {isa = PBXFileReference; lastKnownFileType = file.usdz; path = 21.usdz; sourceTree = "<group>"; };
		70FE95012A95E12600C59AAE /* 9.usdz */ = {isa = PBXFileReference; lastKnownFileType = file.usdz; path = 9.usdz; sourceTree = "<group>"; };
		70FE95022A95E12600C59AAE /* 18.usdz */ = {isa = PBXFileReference; lastKnownFileType = file.usdz; path = 18.usdz; sourceTree = "<group>"; };
		70FE95032A95E12600C59AAE /* 23.usdz */ = {isa = PBXFileReference; lastKnownFileType = file.usdz; path = 23.usdz; sourceTree = "<group>"; };
		70FE95042A95E12600C59AAE /* 13.usdz */ = {isa = PBXFileReference; lastKnownFileType = file.usdz; path = 13.usdz; sourceTree = "<group>"; };
		70FE95052A95E12600C59AAE /* 22.usdz */ = {isa = PBXFileReference; lastKnownFileType = file.usdz; path = 22.usdz; sourceTree = "<group>"; };
		70FE95072A95E12600C59AAE /* 4.usdz */ = {isa = PBXFileReference; lastKnownFileType = file.usdz; path = 4.usdz; sourceTree = "<group>"; };
		70FE95082A95E12600C59AAE /* 17.usdz */ = {isa = PBXFileReference; lastKnownFileType = file.usdz; path = 17.usdz; sourceTree = "<group>"; };
		70FE95092A95E12600C59AAE /* 5.usdz */ = {isa = PBXFileReference; lastKnownFileType = file.usdz; path = 5.usdz; sourceTree = "<group>"; };
		70FE950A2A95E12600C59AAE /* 8.usdz */ = {isa = PBXFileReference; lastKnownFileType = file.usdz; path = 8.usdz; sourceTree = "<group>"; };
		70FE950B2A95E12600C59AAE /* 20.usdz */ = {isa = PBXFileReference; lastKnownFileType = file.usdz; path = 20.usdz; sourceTree = "<group>"; };
		70FE95572A95E30000C59AAE /* p23.png */ = {isa = PBXFileReference; lastKnownFileType = image.png; path = p23.png; sourceTree = "<group>"; };
		70FE95582A95E30000C59AAE /* p10.png */ = {isa = PBXFileReference; lastKnownFileType = image.png; path = p10.png; sourceTree = "<group>"; };
		70FE95592A95E30000C59AAE /* p18.png */ = {isa = PBXFileReference; lastKnownFileType = image.png; path = p18.png; sourceTree = "<group>"; };
		70FE955A2A95E30000C59AAE /* p19.png */ = {isa = PBXFileReference; lastKnownFileType = image.png; path = p19.png; sourceTree = "<group>"; };
		70FE955B2A95E30000C59AAE /* p1.png */ = {isa = PBXFileReference; lastKnownFileType = image.png; path = p1.png; sourceTree = "<group>"; };
		70FE955C2A95E30000C59AAE /* p5.png */ = {isa = PBXFileReference; lastKnownFileType = image.png; path = p5.png; sourceTree = "<group>"; };
		70FE955D2A95E30000C59AAE /* p12.png */ = {isa = PBXFileReference; lastKnownFileType = image.png; path = p12.png; sourceTree = "<group>"; };
		70FE955E2A95E30000C59AAE /* p20.png */ = {isa = PBXFileReference; lastKnownFileType = image.png; path = p20.png; sourceTree = "<group>"; };
		70FE955F2A95E30000C59AAE /* p4.png */ = {isa = PBXFileReference; lastKnownFileType = image.png; path = p4.png; sourceTree = "<group>"; };
		70FE95602A95E30000C59AAE /* p17.png */ = {isa = PBXFileReference; lastKnownFileType = image.png; path = p17.png; sourceTree = "<group>"; };
		70FE95612A95E30000C59AAE /* p7.png */ = {isa = PBXFileReference; lastKnownFileType = image.png; path = p7.png; sourceTree = "<group>"; };
		70FE95622A95E30000C59AAE /* p21.png */ = {isa = PBXFileReference; lastKnownFileType = image.png; path = p21.png; sourceTree = "<group>"; };
		70FE95632A95E30000C59AAE /* p8.png */ = {isa = PBXFileReference; lastKnownFileType = image.png; path = p8.png; sourceTree = "<group>"; };
		70FE95642A95E30000C59AAE /* p11.png */ = {isa = PBXFileReference; lastKnownFileType = image.png; path = p11.png; sourceTree = "<group>"; };
		70FE95652A95E30000C59AAE /* p6.png */ = {isa = PBXFileReference; lastKnownFileType = image.png; path = p6.png; sourceTree = "<group>"; };
		70FE95662A95E30100C59AAE /* p15.png */ = {isa = PBXFileReference; lastKnownFileType = image.png; path = p15.png; sourceTree = "<group>"; };
		70FE95672A95E30100C59AAE /* p16.png */ = {isa = PBXFileReference; lastKnownFileType = image.png; path = p16.png; sourceTree = "<group>"; };
		70FE95682A95E30100C59AAE /* p9.png */ = {isa = PBXFileReference; lastKnownFileType = image.png; path = p9.png; sourceTree = "<group>"; };
		70FE95692A95E30100C59AAE /* p13.png */ = {isa = PBXFileReference; lastKnownFileType = image.png; path = p13.png; sourceTree = "<group>"; };
		70FE956A2A95E30100C59AAE /* p3.png */ = {isa = PBXFileReference; lastKnownFileType = image.png; path = p3.png; sourceTree = "<group>"; };
		70FE956B2A95E30100C59AAE /* p2.png */ = {isa = PBXFileReference; lastKnownFileType = image.png; path = p2.png; sourceTree = "<group>"; };
		70FE956C2A95E30100C59AAE /* p24.png */ = {isa = PBXFileReference; lastKnownFileType = image.png; path = p24.png; sourceTree = "<group>"; };
		70FE956D2A95E30100C59AAE /* p22.png */ = {isa = PBXFileReference; lastKnownFileType = image.png; path = p22.png; sourceTree = "<group>"; };
		70FE956E2A95E30100C59AAE /* p14.png */ = {isa = PBXFileReference; lastKnownFileType = image.png; path = p14.png; sourceTree = "<group>"; };
		70FE956F2A95E30100C59AAE /* p25.png */ = {isa = PBXFileReference; lastKnownFileType = image.png; path = p25.png; sourceTree = "<group>"; };
		8252E59E2A961052000B531C /* Card.mp3 */ = {isa = PBXFileReference; lastKnownFileType = audio.mp3; path = Card.mp3; sourceTree = "<group>"; };
		8252E5A02A96110A000B531C /* red_board.usdz */ = {isa = PBXFileReference; lastKnownFileType = file.usdz; path = red_board.usdz; sourceTree = "<group>"; };
/* End PBXFileReference section */

/* Begin PBXFrameworksBuildPhase section */
		70162FB62A88BE370038AD6E /* Frameworks */ = {
			isa = PBXFrameworksBuildPhase;
			buildActionMask = 2147483647;
			files = (
			);
			runOnlyForDeploymentPostprocessing = 0;
		};
/* End PBXFrameworksBuildPhase section */

/* Begin PBXGroup section */
		70162FB02A88BE370038AD6E = {
			isa = PBXGroup;
			children = (
				70162FBB2A88BE370038AD6E /* BelajarArKit */,
				70162FBA2A88BE370038AD6E /* Products */,
			);
			sourceTree = "<group>";
		};
		70162FBA2A88BE370038AD6E /* Products */ = {
			isa = PBXGroup;
			children = (
				70162FB92A88BE370038AD6E /* BelajarArKit.app */,
			);
			name = Products;
			sourceTree = "<group>";
		};
		70162FBB2A88BE370038AD6E /* BelajarArKit */ = {
			isa = PBXGroup;
			children = (
				701630112A8B658B0038AD6E /* Info.plist */,
				70162FBC2A88BE370038AD6E /* AppDelegate.swift */,
				701630122A8B67BF0038AD6E /* AppMC3.swift */,
				7016300F2A8B65740038AD6E /* ControllerMultipeer.swift */,
				70FE945D2A94B2BD00C59AAE /* blue_board.usdz */,
				8252E5A02A96110A000B531C /* red_board.usdz */,
				70162FC22A88BE380038AD6E /* Assets.xcassets */,
				70FE94F22A95E10E00C59AAE /* 3d card model */,
				8252E59D2A961046000B531C /* Audio */,
				70FE93A82A8E73B300C59AAE /* card */,
				70FE94592A93283600C59AAE /* Host */,
				70FE945A2A93284000C59AAE /* Join */,
				70FE945C2A93286600C59AAE /* Main */,
				70FE940E2A8E78EC00C59AAE /* Object */,
				70162FC42A88BE380038AD6E /* Preview Content */,
			);
			path = BelajarArKit;
			sourceTree = "<group>";
		};
		70162FC42A88BE380038AD6E /* Preview Content */ = {
			isa = PBXGroup;
			children = (
				70162FC52A88BE380038AD6E /* Preview Assets.xcassets */,
			);
			path = "Preview Content";
			sourceTree = "<group>";
		};
		70FE93A82A8E73B300C59AAE /* card */ = {
			isa = PBXGroup;
			children = (
				70FE955B2A95E30000C59AAE /* p1.png */,
				70FE956B2A95E30100C59AAE /* p2.png */,
				70FE956A2A95E30100C59AAE /* p3.png */,
				70FE955F2A95E30000C59AAE /* p4.png */,
				70FE955C2A95E30000C59AAE /* p5.png */,
				70FE95652A95E30000C59AAE /* p6.png */,
				70FE95612A95E30000C59AAE /* p7.png */,
				70FE95632A95E30000C59AAE /* p8.png */,
				70FE95682A95E30100C59AAE /* p9.png */,
				70FE95582A95E30000C59AAE /* p10.png */,
				70FE95642A95E30000C59AAE /* p11.png */,
				70FE955D2A95E30000C59AAE /* p12.png */,
				70FE95692A95E30100C59AAE /* p13.png */,
				70FE956E2A95E30100C59AAE /* p14.png */,
				70FE95662A95E30100C59AAE /* p15.png */,
				70FE95672A95E30100C59AAE /* p16.png */,
				70FE95602A95E30000C59AAE /* p17.png */,
				70FE95592A95E30000C59AAE /* p18.png */,
				70FE955A2A95E30000C59AAE /* p19.png */,
				70FE955E2A95E30000C59AAE /* p20.png */,
				70FE95622A95E30000C59AAE /* p21.png */,
				70FE956D2A95E30100C59AAE /* p22.png */,
				70FE95572A95E30000C59AAE /* p23.png */,
				70FE956C2A95E30100C59AAE /* p24.png */,
				70FE956F2A95E30100C59AAE /* p25.png */,
			);
			path = card;
			sourceTree = "<group>";
		};
		70FE940E2A8E78EC00C59AAE /* Object */ = {
			isa = PBXGroup;
			children = (
			);
			path = Object;
			sourceTree = "<group>";
		};
		70FE94592A93283600C59AAE /* Host */ = {
			isa = PBXGroup;
			children = (
				70FE94472A90A58100C59AAE /* RoomHost.swift */,
				70FE944B2A90AAAB00C59AAE /* ChooseHost.swift */,
				70162FBE2A88BE370038AD6E /* ContentView.swift */,
				70162FCC2A89678F0038AD6E /* Coordinator.swift */,
			);
			path = Host;
			sourceTree = "<group>";
		};
		70FE945A2A93284000C59AAE /* Join */ = {
			isa = PBXGroup;
			children = (
				70FE94492A90A59000C59AAE /* RoomJoin.swift */,
				70FE944D2A90AAC000C59AAE /* ChooseJoin.swift */,
				70FE944F2A912F0500C59AAE /* ViewAr2.swift */,
				70FE94552A9226B200C59AAE /* CoordinatorJoin.swift */,
			);
			path = Join;
			sourceTree = "<group>";
		};
		70FE945C2A93286600C59AAE /* Main */ = {
			isa = PBXGroup;
			children = (
				70FE94452A90A54B00C59AAE /* Menu.swift */,
			);
			path = Main;
			sourceTree = "<group>";
		};
		70FE94F22A95E10E00C59AAE /* 3d card model */ = {
			isa = PBXGroup;
			children = (
				70FE94FD2A95E12600C59AAE /* 1.usdz */,
				70FE94FE2A95E12600C59AAE /* 2.usdz */,
				70FE94F92A95E12600C59AAE /* 3.usdz */,
				70FE95072A95E12600C59AAE /* 4.usdz */,
				70FE95092A95E12600C59AAE /* 5.usdz */,
				70FE94FB2A95E12600C59AAE /* 6.usdz */,
				70FE94F82A95E12600C59AAE /* 7.usdz */,
				70FE950A2A95E12600C59AAE /* 8.usdz */,
				70FE95012A95E12600C59AAE /* 9.usdz */,
				70FE94FA2A95E12600C59AAE /* 10.usdz */,
				70FE94F32A95E12500C59AAE /* 11.usdz */,
				70FE94F72A95E12600C59AAE /* 12.usdz */,
				70FE95042A95E12600C59AAE /* 13.usdz */,
				70FE94FF2A95E12600C59AAE /* 14.usdz */,
				70FE94F42A95E12500C59AAE /* 15.usdz */,
				70FE94F52A95E12500C59AAE /* 16.usdz */,
				70FE95082A95E12600C59AAE /* 17.usdz */,
				70FE95022A95E12600C59AAE /* 18.usdz */,
				70FE94F62A95E12600C59AAE /* 19.usdz */,
				70FE950B2A95E12600C59AAE /* 20.usdz */,
				70FE95002A95E12600C59AAE /* 21.usdz */,
				70FE95052A95E12600C59AAE /* 22.usdz */,
				70FE95032A95E12600C59AAE /* 23.usdz */,
				70FE94FC2A95E12600C59AAE /* 24.usdz */,
				7070ED1F2A964F7E00703708 /* 25.usdz */,
			);
			path = "3d card model";
			sourceTree = "<group>";
		};
		8252E59D2A961046000B531C /* Audio */ = {
			isa = PBXGroup;
			children = (
				8252E59E2A961052000B531C /* Card.mp3 */,
			);
			path = Audio;
			sourceTree = "<group>";
		};
/* End PBXGroup section */

/* Begin PBXNativeTarget section */
		70162FB82A88BE370038AD6E /* BelajarArKit */ = {
			isa = PBXNativeTarget;
			buildConfigurationList = 70162FC92A88BE380038AD6E /* Build configuration list for PBXNativeTarget "BelajarArKit" */;
			buildPhases = (
				70162FB52A88BE370038AD6E /* Sources */,
				70162FB62A88BE370038AD6E /* Frameworks */,
				70162FB72A88BE370038AD6E /* Resources */,
			);
			buildRules = (
			);
			dependencies = (
			);
			name = BelajarArKit;
			productName = BelajarArKit;
			productReference = 70162FB92A88BE370038AD6E /* BelajarArKit.app */;
			productType = "com.apple.product-type.application";
		};
/* End PBXNativeTarget section */

/* Begin PBXProject section */
		70162FB12A88BE370038AD6E /* Project object */ = {
			isa = PBXProject;
			attributes = {
				BuildIndependentTargetsInParallel = 1;
				LastSwiftUpdateCheck = 1430;
				LastUpgradeCheck = 1430;
				TargetAttributes = {
					70162FB82A88BE370038AD6E = {
						CreatedOnToolsVersion = 14.3.1;
					};
				};
			};
			buildConfigurationList = 70162FB42A88BE370038AD6E /* Build configuration list for PBXProject "BelajarArKit" */;
			compatibilityVersion = "Xcode 14.0";
			developmentRegion = en;
			hasScannedForEncodings = 0;
			knownRegions = (
				en,
				Base,
			);
			mainGroup = 70162FB02A88BE370038AD6E;
			productRefGroup = 70162FBA2A88BE370038AD6E /* Products */;
			projectDirPath = "";
			projectRoot = "";
			targets = (
				70162FB82A88BE370038AD6E /* BelajarArKit */,
			);
		};
/* End PBXProject section */

/* Begin PBXResourcesBuildPhase section */
		70162FB72A88BE370038AD6E /* Resources */ = {
			isa = PBXResourcesBuildPhase;
			buildActionMask = 2147483647;
			files = (
				70FE95132A95E12600C59AAE /* 10.usdz in Resources */,
				70FE95812A95E30100C59AAE /* p9.png in Resources */,
				70FE957F2A95E30100C59AAE /* p15.png in Resources */,
				70FE951A2A95E12600C59AAE /* 9.usdz in Resources */,
				70FE957B2A95E30100C59AAE /* p21.png in Resources */,
				70FE95822A95E30100C59AAE /* p13.png in Resources */,
				70FE95212A95E12600C59AAE /* 17.usdz in Resources */,
				70FE95802A95E30100C59AAE /* p16.png in Resources */,
				70FE95832A95E30100C59AAE /* p3.png in Resources */,
				70FE95742A95E30100C59AAE /* p1.png in Resources */,
				70162FC62A88BE380038AD6E /* Preview Assets.xcassets in Resources */,
				70FE95182A95E12600C59AAE /* 14.usdz in Resources */,
				70FE950E2A95E12600C59AAE /* 16.usdz in Resources */,
				70FE951C2A95E12600C59AAE /* 23.usdz in Resources */,
				70FE95852A95E30100C59AAE /* p24.png in Resources */,
				70FE95792A95E30100C59AAE /* p17.png in Resources */,
				70FE950D2A95E12600C59AAE /* 15.usdz in Resources */,
				70FE951E2A95E12600C59AAE /* 22.usdz in Resources */,
				7070ED202A964F7E00703708 /* 25.usdz in Resources */,
				70FE95762A95E30100C59AAE /* p12.png in Resources */,
				70FE957A2A95E30100C59AAE /* p7.png in Resources */,
				70FE95782A95E30100C59AAE /* p4.png in Resources */,
				70FE95712A95E30100C59AAE /* p10.png in Resources */,
				70FE95722A95E30100C59AAE /* p18.png in Resources */,
				70FE95882A95E30100C59AAE /* p25.png in Resources */,
				70FE950C2A95E12600C59AAE /* 11.usdz in Resources */,
				70FE957D2A95E30100C59AAE /* p11.png in Resources */,
				70FE95872A95E30100C59AAE /* p14.png in Resources */,
				70FE95202A95E12600C59AAE /* 4.usdz in Resources */,
				70FE957C2A95E30100C59AAE /* p8.png in Resources */,
				70FE95162A95E12600C59AAE /* 1.usdz in Resources */,
				70FE95192A95E12600C59AAE /* 21.usdz in Resources */,
				70FE95752A95E30100C59AAE /* p5.png in Resources */,
				70FE95772A95E30100C59AAE /* p20.png in Resources */,
				70FE95112A95E12600C59AAE /* 7.usdz in Resources */,
				70FE945E2A94B2BD00C59AAE /* blue_board.usdz in Resources */,
				70FE95102A95E12600C59AAE /* 12.usdz in Resources */,
				70162FC32A88BE380038AD6E /* Assets.xcassets in Resources */,
				70FE95242A95E12600C59AAE /* 20.usdz in Resources */,
				70FE95172A95E12600C59AAE /* 2.usdz in Resources */,
				70FE95862A95E30100C59AAE /* p22.png in Resources */,
				70FE95732A95E30100C59AAE /* p19.png in Resources */,
				70FE957E2A95E30100C59AAE /* p6.png in Resources */,
				70FE95122A95E12600C59AAE /* 3.usdz in Resources */,
				70FE95232A95E12600C59AAE /* 8.usdz in Resources */,
				70FE95142A95E12600C59AAE /* 6.usdz in Resources */,
				8252E59F2A961052000B531C /* Card.mp3 in Resources */,
				8252E5A12A96110A000B531C /* red_board.usdz in Resources */,
				70FE95222A95E12600C59AAE /* 5.usdz in Resources */,
				70FE95152A95E12600C59AAE /* 24.usdz in Resources */,
				70FE951B2A95E12600C59AAE /* 18.usdz in Resources */,
				70FE95702A95E30100C59AAE /* p23.png in Resources */,
				70FE95842A95E30100C59AAE /* p2.png in Resources */,
				70FE950F2A95E12600C59AAE /* 19.usdz in Resources */,
				70FE951D2A95E12600C59AAE /* 13.usdz in Resources */,
			);
			runOnlyForDeploymentPostprocessing = 0;
		};
/* End PBXResourcesBuildPhase section */

/* Begin PBXSourcesBuildPhase section */
		70162FB52A88BE370038AD6E /* Sources */ = {
			isa = PBXSourcesBuildPhase;
			buildActionMask = 2147483647;
			files = (
				701630102A8B65740038AD6E /* ControllerMultipeer.swift in Sources */,
				70162FCD2A89678F0038AD6E /* Coordinator.swift in Sources */,
				70FE944E2A90AAC000C59AAE /* ChooseJoin.swift in Sources */,
				70FE944C2A90AAAB00C59AAE /* ChooseHost.swift in Sources */,
				70FE94482A90A58100C59AAE /* RoomHost.swift in Sources */,
				70162FBF2A88BE370038AD6E /* ContentView.swift in Sources */,
				70FE94502A912F0500C59AAE /* ViewAr2.swift in Sources */,
				70162FBD2A88BE370038AD6E /* AppDelegate.swift in Sources */,
				70FE94462A90A54B00C59AAE /* Menu.swift in Sources */,
				701630132A8B67BF0038AD6E /* AppMC3.swift in Sources */,
				70FE94562A9226B200C59AAE /* CoordinatorJoin.swift in Sources */,
				70FE944A2A90A59000C59AAE /* RoomJoin.swift in Sources */,
			);
			runOnlyForDeploymentPostprocessing = 0;
		};
/* End PBXSourcesBuildPhase section */

/* Begin XCBuildConfiguration section */
		70162FC72A88BE380038AD6E /* Debug */ = {
			isa = XCBuildConfiguration;
			buildSettings = {
				ALWAYS_SEARCH_USER_PATHS = NO;
				CLANG_ANALYZER_NONNULL = YES;
				CLANG_ANALYZER_NUMBER_OBJECT_CONVERSION = YES_AGGRESSIVE;
				CLANG_CXX_LANGUAGE_STANDARD = "gnu++20";
				CLANG_ENABLE_MODULES = YES;
				CLANG_ENABLE_OBJC_ARC = YES;
				CLANG_ENABLE_OBJC_WEAK = YES;
				CLANG_WARN_BLOCK_CAPTURE_AUTORELEASING = YES;
				CLANG_WARN_BOOL_CONVERSION = YES;
				CLANG_WARN_COMMA = YES;
				CLANG_WARN_CONSTANT_CONVERSION = YES;
				CLANG_WARN_DEPRECATED_OBJC_IMPLEMENTATIONS = YES;
				CLANG_WARN_DIRECT_OBJC_ISA_USAGE = YES_ERROR;
				CLANG_WARN_DOCUMENTATION_COMMENTS = YES;
				CLANG_WARN_EMPTY_BODY = YES;
				CLANG_WARN_ENUM_CONVERSION = YES;
				CLANG_WARN_INFINITE_RECURSION = YES;
				CLANG_WARN_INT_CONVERSION = YES;
				CLANG_WARN_NON_LITERAL_NULL_CONVERSION = YES;
				CLANG_WARN_OBJC_IMPLICIT_RETAIN_SELF = YES;
				CLANG_WARN_OBJC_LITERAL_CONVERSION = YES;
				CLANG_WARN_OBJC_ROOT_CLASS = YES_ERROR;
				CLANG_WARN_QUOTED_INCLUDE_IN_FRAMEWORK_HEADER = YES;
				CLANG_WARN_RANGE_LOOP_ANALYSIS = YES;
				CLANG_WARN_STRICT_PROTOTYPES = YES;
				CLANG_WARN_SUSPICIOUS_MOVE = YES;
				CLANG_WARN_UNGUARDED_AVAILABILITY = YES_AGGRESSIVE;
				CLANG_WARN_UNREACHABLE_CODE = YES;
				CLANG_WARN__DUPLICATE_METHOD_MATCH = YES;
				COPY_PHASE_STRIP = NO;
				DEBUG_INFORMATION_FORMAT = dwarf;
				ENABLE_STRICT_OBJC_MSGSEND = YES;
				ENABLE_TESTABILITY = YES;
				GCC_C_LANGUAGE_STANDARD = gnu11;
				GCC_DYNAMIC_NO_PIC = NO;
				GCC_NO_COMMON_BLOCKS = YES;
				GCC_OPTIMIZATION_LEVEL = 0;
				GCC_PREPROCESSOR_DEFINITIONS = (
					"DEBUG=1",
					"$(inherited)",
				);
				GCC_WARN_64_TO_32_BIT_CONVERSION = YES;
				GCC_WARN_ABOUT_RETURN_TYPE = YES_ERROR;
				GCC_WARN_UNDECLARED_SELECTOR = YES;
				GCC_WARN_UNINITIALIZED_AUTOS = YES_AGGRESSIVE;
				GCC_WARN_UNUSED_FUNCTION = YES;
				GCC_WARN_UNUSED_VARIABLE = YES;
				IPHONEOS_DEPLOYMENT_TARGET = 16.4;
				MTL_ENABLE_DEBUG_INFO = INCLUDE_SOURCE;
				MTL_FAST_MATH = YES;
				ONLY_ACTIVE_ARCH = YES;
				SDKROOT = iphoneos;
				SWIFT_ACTIVE_COMPILATION_CONDITIONS = DEBUG;
				SWIFT_OPTIMIZATION_LEVEL = "-Onone";
			};
			name = Debug;
		};
		70162FC82A88BE380038AD6E /* Release */ = {
			isa = XCBuildConfiguration;
			buildSettings = {
				ALWAYS_SEARCH_USER_PATHS = NO;
				CLANG_ANALYZER_NONNULL = YES;
				CLANG_ANALYZER_NUMBER_OBJECT_CONVERSION = YES_AGGRESSIVE;
				CLANG_CXX_LANGUAGE_STANDARD = "gnu++20";
				CLANG_ENABLE_MODULES = YES;
				CLANG_ENABLE_OBJC_ARC = YES;
				CLANG_ENABLE_OBJC_WEAK = YES;
				CLANG_WARN_BLOCK_CAPTURE_AUTORELEASING = YES;
				CLANG_WARN_BOOL_CONVERSION = YES;
				CLANG_WARN_COMMA = YES;
				CLANG_WARN_CONSTANT_CONVERSION = YES;
				CLANG_WARN_DEPRECATED_OBJC_IMPLEMENTATIONS = YES;
				CLANG_WARN_DIRECT_OBJC_ISA_USAGE = YES_ERROR;
				CLANG_WARN_DOCUMENTATION_COMMENTS = YES;
				CLANG_WARN_EMPTY_BODY = YES;
				CLANG_WARN_ENUM_CONVERSION = YES;
				CLANG_WARN_INFINITE_RECURSION = YES;
				CLANG_WARN_INT_CONVERSION = YES;
				CLANG_WARN_NON_LITERAL_NULL_CONVERSION = YES;
				CLANG_WARN_OBJC_IMPLICIT_RETAIN_SELF = YES;
				CLANG_WARN_OBJC_LITERAL_CONVERSION = YES;
				CLANG_WARN_OBJC_ROOT_CLASS = YES_ERROR;
				CLANG_WARN_QUOTED_INCLUDE_IN_FRAMEWORK_HEADER = YES;
				CLANG_WARN_RANGE_LOOP_ANALYSIS = YES;
				CLANG_WARN_STRICT_PROTOTYPES = YES;
				CLANG_WARN_SUSPICIOUS_MOVE = YES;
				CLANG_WARN_UNGUARDED_AVAILABILITY = YES_AGGRESSIVE;
				CLANG_WARN_UNREACHABLE_CODE = YES;
				CLANG_WARN__DUPLICATE_METHOD_MATCH = YES;
				COPY_PHASE_STRIP = NO;
				DEBUG_INFORMATION_FORMAT = "dwarf-with-dsym";
				ENABLE_NS_ASSERTIONS = NO;
				ENABLE_STRICT_OBJC_MSGSEND = YES;
				GCC_C_LANGUAGE_STANDARD = gnu11;
				GCC_NO_COMMON_BLOCKS = YES;
				GCC_WARN_64_TO_32_BIT_CONVERSION = YES;
				GCC_WARN_ABOUT_RETURN_TYPE = YES_ERROR;
				GCC_WARN_UNDECLARED_SELECTOR = YES;
				GCC_WARN_UNINITIALIZED_AUTOS = YES_AGGRESSIVE;
				GCC_WARN_UNUSED_FUNCTION = YES;
				GCC_WARN_UNUSED_VARIABLE = YES;
				IPHONEOS_DEPLOYMENT_TARGET = 16.4;
				MTL_ENABLE_DEBUG_INFO = NO;
				MTL_FAST_MATH = YES;
				SDKROOT = iphoneos;
				SWIFT_COMPILATION_MODE = wholemodule;
				SWIFT_OPTIMIZATION_LEVEL = "-O";
				VALIDATE_PRODUCT = YES;
			};
			name = Release;
		};
		70162FCA2A88BE380038AD6E /* Debug */ = {
			isa = XCBuildConfiguration;
			buildSettings = {
				ASSETCATALOG_COMPILER_APPICON_NAME = AppIcon;
				ASSETCATALOG_COMPILER_GLOBAL_ACCENT_COLOR_NAME = AccentColor;
				CODE_SIGN_STYLE = Automatic;
				CURRENT_PROJECT_VERSION = 1;
				DEVELOPMENT_ASSET_PATHS = "\"BelajarArKit/Preview Content\"";
				DEVELOPMENT_TEAM = 22JP9U997Z;
				ENABLE_PREVIEWS = YES;
				GENERATE_INFOPLIST_FILE = YES;
				INFOPLIST_FILE = BelajarArKit/Info.plist;
				INFOPLIST_KEY_NSCameraUsageDescription = "";
				INFOPLIST_KEY_NSLocalNetworkUsageDescription = harusn;
				INFOPLIST_KEY_UIApplicationSupportsIndirectInputEvents = YES;
				INFOPLIST_KEY_UILaunchScreen_Generation = YES;
				INFOPLIST_KEY_UIRequiredDeviceCapabilities = arkit;
				INFOPLIST_KEY_UIStatusBarHidden = YES;
				INFOPLIST_KEY_UISupportedInterfaceOrientations_iPad = "UIInterfaceOrientationPortrait UIInterfaceOrientationPortraitUpsideDown UIInterfaceOrientationLandscapeLeft UIInterfaceOrientationLandscapeRight";
				INFOPLIST_KEY_UISupportedInterfaceOrientations_iPhone = "UIInterfaceOrientationPortrait UIInterfaceOrientationLandscapeLeft UIInterfaceOrientationLandscapeRight";
				IPHONEOS_DEPLOYMENT_TARGET = 16.2;
				LD_RUNPATH_SEARCH_PATHS = (
					"$(inherited)",
					"@executable_path/Frameworks",
				);
				MARKETING_VERSION = 1.0;
				PRODUCT_BUNDLE_IDENTIFIER = han.BelajarArKit;
				PRODUCT_NAME = "$(TARGET_NAME)";
				SWIFT_EMIT_LOC_STRINGS = YES;
				SWIFT_VERSION = 5.0;
				TARGETED_DEVICE_FAMILY = "1,2";
			};
			name = Debug;
		};
		70162FCB2A88BE380038AD6E /* Release */ = {
			isa = XCBuildConfiguration;
			buildSettings = {
				ASSETCATALOG_COMPILER_APPICON_NAME = AppIcon;
				ASSETCATALOG_COMPILER_GLOBAL_ACCENT_COLOR_NAME = AccentColor;
				CODE_SIGN_STYLE = Automatic;
				CURRENT_PROJECT_VERSION = 1;
				DEVELOPMENT_ASSET_PATHS = "\"BelajarArKit/Preview Content\"";
				DEVELOPMENT_TEAM = 22JP9U997Z;
				ENABLE_PREVIEWS = YES;
				GENERATE_INFOPLIST_FILE = YES;
				INFOPLIST_FILE = BelajarArKit/Info.plist;
				INFOPLIST_KEY_NSCameraUsageDescription = "";
				INFOPLIST_KEY_NSLocalNetworkUsageDescription = harusn;
				INFOPLIST_KEY_UIApplicationSupportsIndirectInputEvents = YES;
				INFOPLIST_KEY_UILaunchScreen_Generation = YES;
				INFOPLIST_KEY_UIRequiredDeviceCapabilities = arkit;
				INFOPLIST_KEY_UIStatusBarHidden = YES;
				INFOPLIST_KEY_UISupportedInterfaceOrientations_iPad = "UIInterfaceOrientationPortrait UIInterfaceOrientationPortraitUpsideDown UIInterfaceOrientationLandscapeLeft UIInterfaceOrientationLandscapeRight";
				INFOPLIST_KEY_UISupportedInterfaceOrientations_iPhone = "UIInterfaceOrientationPortrait UIInterfaceOrientationLandscapeLeft UIInterfaceOrientationLandscapeRight";
				IPHONEOS_DEPLOYMENT_TARGET = 16.2;
				LD_RUNPATH_SEARCH_PATHS = (
					"$(inherited)",
					"@executable_path/Frameworks",
				);
				MARKETING_VERSION = 1.0;
				PRODUCT_BUNDLE_IDENTIFIER = han.BelajarArKit;
				PRODUCT_NAME = "$(TARGET_NAME)";
				SWIFT_EMIT_LOC_STRINGS = YES;
				SWIFT_VERSION = 5.0;
				TARGETED_DEVICE_FAMILY = "1,2";
			};
			name = Release;
		};
/* End XCBuildConfiguration section */

/* Begin XCConfigurationList section */
		70162FB42A88BE370038AD6E /* Build configuration list for PBXProject "BelajarArKit" */ = {
			isa = XCConfigurationList;
			buildConfigurations = (
				70162FC72A88BE380038AD6E /* Debug */,
				70162FC82A88BE380038AD6E /* Release */,
			);
			defaultConfigurationIsVisible = 0;
			defaultConfigurationName = Release;
		};
		70162FC92A88BE380038AD6E /* Build configuration list for PBXNativeTarget "BelajarArKit" */ = {
			isa = XCConfigurationList;
			buildConfigurations = (
				70162FCA2A88BE380038AD6E /* Debug */,
				70162FCB2A88BE380038AD6E /* Release */,
			);
			defaultConfigurationIsVisible = 0;
			defaultConfigurationName = Release;
		};
/* End XCConfigurationList section */
	};
	rootObject = 70162FB12A88BE370038AD6E /* Project object */;
}
